// !$*UTF8*$!
{
	archiveVersion = 1;
	classes = {
	};
	objectVersion = 46;
	objects = {

/* Begin PBXBuildFile section */
		54E750DF1A4A916F00B53F5B /* main.m in Sources */ = {isa = PBXBuildFile; fileRef = 54E750DE1A4A916F00B53F5B /* main.m */; };
		54E750E21A4A916F00B53F5B /* AppDelegate.m in Sources */ = {isa = PBXBuildFile; fileRef = 54E750E11A4A916F00B53F5B /* AppDelegate.m */; };
		54E750E51A4A916F00B53F5B /* ViewController.m in Sources */ = {isa = PBXBuildFile; fileRef = 54E750E41A4A916F00B53F5B /* ViewController.m */; };
		54E750E81A4A916F00B53F5B /* Main.storyboard in Resources */ = {isa = PBXBuildFile; fileRef = 54E750E61A4A916F00B53F5B /* Main.storyboard */; };
		54E750EA1A4A916F00B53F5B /* Images.xcassets in Resources */ = {isa = PBXBuildFile; fileRef = 54E750E91A4A916F00B53F5B /* Images.xcassets */; };
		54E750ED1A4A916F00B53F5B /* LaunchScreen.xib in Resources */ = {isa = PBXBuildFile; fileRef = 54E750EB1A4A916F00B53F5B /* LaunchScreen.xib */; };
		54E750F91A4A916F00B53F5B /* FinalCubeTests.m in Sources */ = {isa = PBXBuildFile; fileRef = 54E750F81A4A916F00B53F5B /* FinalCubeTests.m */; };
		54E751031A4A917900B53F5B /* GLKit.framework in Frameworks */ = {isa = PBXBuildFile; fileRef = 54E751021A4A917900B53F5B /* GLKit.framework */; };
		54E751051A4A91B200B53F5B /* OpenGLES.framework in Frameworks */ = {isa = PBXBuildFile; fileRef = 54E751041A4A91B200B53F5B /* OpenGLES.framework */; };
		54E751081A4A921E00B53F5B /* OpenGLView.m in Sources */ = {isa = PBXBuildFile; fileRef = 54E751071A4A921E00B53F5B /* OpenGLView.m */; };
		54E7510B1A4A937200B53F5B /* ProgramLoader.m in Sources */ = {isa = PBXBuildFile; fileRef = 54E7510A1A4A937200B53F5B /* ProgramLoader.m */; };
		54E7510E1A4BA8D800B53F5B /* Cube.vsl in Resources */ = {isa = PBXBuildFile; fileRef = 54E7510C1A4BA8D800B53F5B /* Cube.vsl */; };
		54E7510F1A4BA8D800B53F5B /* TemplateIcon2x.png in Resources */ = {isa = PBXBuildFile; fileRef = 54E7510D1A4BA8D800B53F5B /* TemplateIcon2x.png */; };
		54E751111A4BA8EA00B53F5B /* Cube.fsl in Resources */ = {isa = PBXBuildFile; fileRef = 54E751101A4BA8EA00B53F5B /* Cube.fsl */; };
		54E751201A4BAB9900B53F5B /* front.jpg in Resources */ = {isa = PBXBuildFile; fileRef = 54E7511F1A4BAB9900B53F5B /* front.jpg */; };
		54E751221A4BAE2E00B53F5B /* left.jpg in Resources */ = {isa = PBXBuildFile; fileRef = 54E751211A4BAE2E00B53F5B /* left.jpg */; };
/* End PBXBuildFile section */

/* Begin PBXContainerItemProxy section */
		54E750F31A4A916F00B53F5B /* PBXContainerItemProxy */ = {
			isa = PBXContainerItemProxy;
			containerPortal = 54E750D11A4A916F00B53F5B /* Project object */;
			proxyType = 1;
			remoteGlobalIDString = 54E750D81A4A916F00B53F5B;
			remoteInfo = FinalCube;
		};
/* End PBXContainerItemProxy section */

/* Begin PBXFileReference section */
		54E750D91A4A916F00B53F5B /* FinalCube.app */ = {isa = PBXFileReference; explicitFileType = wrapper.application; includeInIndex = 0; path = FinalCube.app; sourceTree = BUILT_PRODUCTS_DIR; };
		54E750DD1A4A916F00B53F5B /* Info.plist */ = {isa = PBXFileReference; lastKnownFileType = text.plist.xml; path = Info.plist; sourceTree = "<group>"; };
		54E750DE1A4A916F00B53F5B /* main.m */ = {isa = PBXFileReference; lastKnownFileType = sourcecode.c.objc; path = main.m; sourceTree = "<group>"; };
		54E750E01A4A916F00B53F5B /* AppDelegate.h */ = {isa = PBXFileReference; lastKnownFileType = sourcecode.c.h; path = AppDelegate.h; sourceTree = "<group>"; };
		54E750E11A4A916F00B53F5B /* AppDelegate.m */ = {isa = PBXFileReference; lastKnownFileType = sourcecode.c.objc; path = AppDelegate.m; sourceTree = "<group>"; };
		54E750E31A4A916F00B53F5B /* ViewController.h */ = {isa = PBXFileReference; lastKnownFileType = sourcecode.c.h; path = ViewController.h; sourceTree = "<group>"; };
		54E750E41A4A916F00B53F5B /* ViewController.m */ = {isa = PBXFileReference; lastKnownFileType = sourcecode.c.objc; path = ViewController.m; sourceTree = "<group>"; };
		54E750E71A4A916F00B53F5B /* Base */ = {isa = PBXFileReference; lastKnownFileType = file.storyboard; name = Base; path = Base.lproj/Main.storyboard; sourceTree = "<group>"; };
		54E750E91A4A916F00B53F5B /* Images.xcassets */ = {isa = PBXFileReference; lastKnownFileType = folder.assetcatalog; path = Images.xcassets; sourceTree = "<group>"; };
		54E750EC1A4A916F00B53F5B /* Base */ = {isa = PBXFileReference; lastKnownFileType = file.xib; name = Base; path = Base.lproj/LaunchScreen.xib; sourceTree = "<group>"; };
		54E750F21A4A916F00B53F5B /* FinalCubeTests.xctest */ = {isa = PBXFileReference; explicitFileType = wrapper.cfbundle; includeInIndex = 0; path = FinalCubeTests.xctest; sourceTree = BUILT_PRODUCTS_DIR; };
		54E750F71A4A916F00B53F5B /* Info.plist */ = {isa = PBXFileReference; lastKnownFileType = text.plist.xml; path = Info.plist; sourceTree = "<group>"; };
		54E750F81A4A916F00B53F5B /* FinalCubeTests.m */ = {isa = PBXFileReference; lastKnownFileType = sourcecode.c.objc; path = FinalCubeTests.m; sourceTree = "<group>"; };
		54E751021A4A917900B53F5B /* GLKit.framework */ = {isa = PBXFileReference; lastKnownFileType = wrapper.framework; name = GLKit.framework; path = System/Library/Frameworks/GLKit.framework; sourceTree = SDKROOT; };
		54E751041A4A91B200B53F5B /* OpenGLES.framework */ = {isa = PBXFileReference; lastKnownFileType = wrapper.framework; name = OpenGLES.framework; path = System/Library/Frameworks/OpenGLES.framework; sourceTree = SDKROOT; };
		54E751061A4A921E00B53F5B /* OpenGLView.h */ = {isa = PBXFileReference; fileEncoding = 4; lastKnownFileType = sourcecode.c.h; path = OpenGLView.h; sourceTree = "<group>"; };
		54E751071A4A921E00B53F5B /* OpenGLView.m */ = {isa = PBXFileReference; fileEncoding = 4; lastKnownFileType = sourcecode.c.objc; path = OpenGLView.m; sourceTree = "<group>"; };
		54E751091A4A937200B53F5B /* ProgramLoader.h */ = {isa = PBXFileReference; fileEncoding = 4; lastKnownFileType = sourcecode.c.h; path = ProgramLoader.h; sourceTree = "<group>"; };
		54E7510A1A4A937200B53F5B /* ProgramLoader.m */ = {isa = PBXFileReference; fileEncoding = 4; lastKnownFileType = sourcecode.c.objc; path = ProgramLoader.m; sourceTree = "<group>"; };
		54E7510C1A4BA8D800B53F5B /* Cube.vsl */ = {isa = PBXFileReference; explicitFileType = sourcecode.glsl; fileEncoding = 4; path = Cube.vsl; sourceTree = "<group>"; };
		54E7510D1A4BA8D800B53F5B /* TemplateIcon2x.png */ = {isa = PBXFileReference; lastKnownFileType = image.png; path = TemplateIcon2x.png; sourceTree = "<group>"; };
		54E751101A4BA8EA00B53F5B /* Cube.fsl */ = {isa = PBXFileReference; explicitFileType = sourcecode.glsl; fileEncoding = 4; path = Cube.fsl; sourceTree = "<group>"; };
		54E7511F1A4BAB9900B53F5B /* front.jpg */ = {isa = PBXFileReference; lastKnownFileType = image.jpeg; path = front.jpg; sourceTree = "<group>"; };
		54E751211A4BAE2E00B53F5B /* left.jpg */ = {isa = PBXFileReference; lastKnownFileType = image.jpeg; path = left.jpg; sourceTree = "<group>"; };
/* End PBXFileReference section */

/* Begin PBXFrameworksBuildPhase section */
		54E750D61A4A916F00B53F5B /* Frameworks */ = {
			isa = PBXFrameworksBuildPhase;
			buildActionMask = 2147483647;
			files = (
				54E751051A4A91B200B53F5B /* OpenGLES.framework in Frameworks */,
				54E751031A4A917900B53F5B /* GLKit.framework in Frameworks */,
			);
			runOnlyForDeploymentPostprocessing = 0;
		};
		54E750EF1A4A916F00B53F5B /* Frameworks */ = {
			isa = PBXFrameworksBuildPhase;
			buildActionMask = 2147483647;
			files = (
			);
			runOnlyForDeploymentPostprocessing = 0;
		};
/* End PBXFrameworksBuildPhase section */

/* Begin PBXGroup section */
		54E750D01A4A916F00B53F5B = {
			isa = PBXGroup;
			children = (
				54E751041A4A91B200B53F5B /* OpenGLES.framework */,
				54E751021A4A917900B53F5B /* GLKit.framework */,
				54E750DB1A4A916F00B53F5B /* FinalCube */,
				54E750F51A4A916F00B53F5B /* FinalCubeTests */,
				54E750DA1A4A916F00B53F5B /* Products */,
			);
			sourceTree = "<group>";
		};
		54E750DA1A4A916F00B53F5B /* Products */ = {
			isa = PBXGroup;
			children = (
				54E750D91A4A916F00B53F5B /* FinalCube.app */,
				54E750F21A4A916F00B53F5B /* FinalCubeTests.xctest */,
			);
			name = Products;
			sourceTree = "<group>";
		};
		54E750DB1A4A916F00B53F5B /* FinalCube */ = {
			isa = PBXGroup;
			children = (
				54E750E01A4A916F00B53F5B /* AppDelegate.h */,
				54E750E11A4A916F00B53F5B /* AppDelegate.m */,
				54E750E31A4A916F00B53F5B /* ViewController.h */,
				54E750E41A4A916F00B53F5B /* ViewController.m */,
				54E750E61A4A916F00B53F5B /* Main.storyboard */,
				54E750E91A4A916F00B53F5B /* Images.xcassets */,
				54E750EB1A4A916F00B53F5B /* LaunchScreen.xib */,
				54E751061A4A921E00B53F5B /* OpenGLView.h */,
				54E751071A4A921E00B53F5B /* OpenGLView.m */,
				54E7511F1A4BAB9900B53F5B /* front.jpg */,
				54E751211A4BAE2E00B53F5B /* left.jpg */,
				54E7510C1A4BA8D800B53F5B /* Cube.vsl */,
				54E751101A4BA8EA00B53F5B /* Cube.fsl */,
				54E7510D1A4BA8D800B53F5B /* TemplateIcon2x.png */,
				54E751091A4A937200B53F5B /* ProgramLoader.h */,
				54E7510A1A4A937200B53F5B /* ProgramLoader.m */,
				54E750DC1A4A916F00B53F5B /* Supporting Files */,
			);
			path = FinalCube;
			sourceTree = "<group>";
		};
		54E750DC1A4A916F00B53F5B /* Supporting Files */ = {
			isa = PBXGroup;
			children = (
				54E750DD1A4A916F00B53F5B /* Info.plist */,
				54E750DE1A4A916F00B53F5B /* main.m */,
			);
			name = "Supporting Files";
			sourceTree = "<group>";
		};
		54E750F51A4A916F00B53F5B /* FinalCubeTests */ = {
			isa = PBXGroup;
			children = (
				54E750F81A4A916F00B53F5B /* FinalCubeTests.m */,
				54E750F61A4A916F00B53F5B /* Supporting Files */,
			);
			path = FinalCubeTests;
			sourceTree = "<group>";
		};
		54E750F61A4A916F00B53F5B /* Supporting Files */ = {
			isa = PBXGroup;
			children = (
				54E750F71A4A916F00B53F5B /* Info.plist */,
			);
			name = "Supporting Files";
			sourceTree = "<group>";
		};
/* End PBXGroup section */

/* Begin PBXNativeTarget section */
		54E750D81A4A916F00B53F5B /* FinalCube */ = {
			isa = PBXNativeTarget;
			buildConfigurationList = 54E750FC1A4A916F00B53F5B /* Build configuration list for PBXNativeTarget "FinalCube" */;
			buildPhases = (
				54E750D51A4A916F00B53F5B /* Sources */,
				54E750D61A4A916F00B53F5B /* Frameworks */,
				54E750D71A4A916F00B53F5B /* Resources */,
			);
			buildRules = (
			);
			dependencies = (
			);
			name = FinalCube;
			productName = FinalCube;
			productReference = 54E750D91A4A916F00B53F5B /* FinalCube.app */;
			productType = "com.apple.product-type.application";
		};
		54E750F11A4A916F00B53F5B /* FinalCubeTests */ = {
			isa = PBXNativeTarget;
			buildConfigurationList = 54E750FF1A4A916F00B53F5B /* Build configuration list for PBXNativeTarget "FinalCubeTests" */;
			buildPhases = (
				54E750EE1A4A916F00B53F5B /* Sources */,
				54E750EF1A4A916F00B53F5B /* Frameworks */,
				54E750F01A4A916F00B53F5B /* Resources */,
			);
			buildRules = (
			);
			dependencies = (
				54E750F41A4A916F00B53F5B /* PBXTargetDependency */,
			);
			name = FinalCubeTests;
			productName = FinalCubeTests;
			productReference = 54E750F21A4A916F00B53F5B /* FinalCubeTests.xctest */;
			productType = "com.apple.product-type.bundle.unit-test";
		};
/* End PBXNativeTarget section */

/* Begin PBXProject section */
		54E750D11A4A916F00B53F5B /* Project object */ = {
			isa = PBXProject;
			attributes = {
				LastUpgradeCheck = 0610;
				ORGANIZATIONNAME = com.microstrategy;
				TargetAttributes = {
					54E750D81A4A916F00B53F5B = {
						CreatedOnToolsVersion = 6.1;
					};
					54E750F11A4A916F00B53F5B = {
						CreatedOnToolsVersion = 6.1;
						TestTargetID = 54E750D81A4A916F00B53F5B;
					};
				};
			};
			buildConfigurationList = 54E750D41A4A916F00B53F5B /* Build configuration list for PBXProject "FinalCube" */;
			compatibilityVersion = "Xcode 3.2";
			developmentRegion = English;
			hasScannedForEncodings = 0;
			knownRegions = (
				en,
				Base,
			);
			mainGroup = 54E750D01A4A916F00B53F5B;
			productRefGroup = 54E750DA1A4A916F00B53F5B /* Products */;
			projectDirPath = "";
			projectRoot = "";
			targets = (
				54E750D81A4A916F00B53F5B /* FinalCube */,
				54E750F11A4A916F00B53F5B /* FinalCubeTests */,
			);
		};
/* End PBXProject section */

/* Begin PBXResourcesBuildPhase section */
		54E750D71A4A916F00B53F5B /* Resources */ = {
			isa = PBXResourcesBuildPhase;
			buildActionMask = 2147483647;
			files = (
				54E7510F1A4BA8D800B53F5B /* TemplateIcon2x.png in Resources */,
				54E7510E1A4BA8D800B53F5B /* Cube.vsl in Resources */,
				54E751221A4BAE2E00B53F5B /* left.jpg in Resources */,
				54E750E81A4A916F00B53F5B /* Main.storyboard in Resources */,
				54E750ED1A4A916F00B53F5B /* LaunchScreen.xib in Resources */,
				54E751201A4BAB9900B53F5B /* front.jpg in Resources */,
				54E751111A4BA8EA00B53F5B /* Cube.fsl in Resources */,
				54E750EA1A4A916F00B53F5B /* Images.xcassets in Resources */,
			);
			runOnlyForDeploymentPostprocessing = 0;
		};
		54E750F01A4A916F00B53F5B /* Resources */ = {
			isa = PBXResourcesBuildPhase;
			buildActionMask = 2147483647;
			files = (
			);
			runOnlyForDeploymentPostprocessing = 0;
		};
/* End PBXResourcesBuildPhase section */

/* Begin PBXSourcesBuildPhase section */
		54E750D51A4A916F00B53F5B /* Sources */ = {
			isa = PBXSourcesBuildPhase;
			buildActionMask = 2147483647;
			files = (
				54E750E51A4A916F00B53F5B /* ViewController.m in Sources */,
				54E750E21A4A916F00B53F5B /* AppDelegate.m in Sources */,
				54E7510B1A4A937200B53F5B /* ProgramLoader.m in Sources */,
				54E750DF1A4A916F00B53F5B /* main.m in Sources */,
				54E751081A4A921E00B53F5B /* OpenGLView.m in Sources */,
			);
			runOnlyForDeploymentPostprocessing = 0;
		};
		54E750EE1A4A916F00B53F5B /* Sources */ = {
			isa = PBXSourcesBuildPhase;
			buildActionMask = 2147483647;
			files = (
				54E750F91A4A916F00B53F5B /* FinalCubeTests.m in Sources */,
			);
			runOnlyForDeploymentPostprocessing = 0;
		};
/* End PBXSourcesBuildPhase section */

/* Begin PBXTargetDependency section */
		54E750F41A4A916F00B53F5B /* PBXTargetDependency */ = {
			isa = PBXTargetDependency;
			target = 54E750D81A4A916F00B53F5B /* FinalCube */;
			targetProxy = 54E750F31A4A916F00B53F5B /* PBXContainerItemProxy */;
		};
/* End PBXTargetDependency section */

/* Begin PBXVariantGroup section */
		54E750E61A4A916F00B53F5B /* Main.storyboard */ = {
			isa = PBXVariantGroup;
			children = (
				54E750E71A4A916F00B53F5B /* Base */,
			);
			name = Main.storyboard;
			sourceTree = "<group>";
		};
		54E750EB1A4A916F00B53F5B /* LaunchScreen.xib */ = {
			isa = PBXVariantGroup;
			children = (
				54E750EC1A4A916F00B53F5B /* Base */,
			);
			name = LaunchScreen.xib;
			sourceTree = "<group>";
		};
/* End PBXVariantGroup section */

/* Begin XCBuildConfiguration section */
		54E750FA1A4A916F00B53F5B /* Debug */ = {
			isa = XCBuildConfiguration;
			buildSettings = {
				ALWAYS_SEARCH_USER_PATHS = NO;
				CLANG_CXX_LANGUAGE_STANDARD = "gnu++0x";
				CLANG_CXX_LIBRARY = "libc++";
				CLANG_ENABLE_MODULES = YES;
				CLANG_ENABLE_OBJC_ARC = YES;
				CLANG_WARN_BOOL_CONVERSION = YES;
				CLANG_WARN_CONSTANT_CONVERSION = YES;
				CLANG_WARN_DIRECT_OBJC_ISA_USAGE = YES_ERROR;
				CLANG_WARN_EMPTY_BODY = YES;
				CLANG_WARN_ENUM_CONVERSION = YES;
				CLANG_WARN_INT_CONVERSION = YES;
				CLANG_WARN_OBJC_ROOT_CLASS = YES_ERROR;
				CLANG_WARN_UNREACHABLE_CODE = YES;
				CLANG_WARN__DUPLICATE_METHOD_MATCH = YES;
				"CODE_SIGN_IDENTITY[sdk=iphoneos*]" = "iPhone Developer";
				COPY_PHASE_STRIP = NO;
				ENABLE_STRICT_OBJC_MSGSEND = YES;
				GCC_C_LANGUAGE_STANDARD = gnu99;
				GCC_DYNAMIC_NO_PIC = NO;
				GCC_OPTIMIZATION_LEVEL = 0;
				GCC_PREPROCESSOR_DEFINITIONS = (
					"DEBUG=1",
					"$(inherited)",
				);
				GCC_SYMBOLS_PRIVATE_EXTERN = NO;
				GCC_WARN_64_TO_32_BIT_CONVERSION = YES;
				GCC_WARN_ABOUT_RETURN_TYPE = YES_ERROR;
				GCC_WARN_UNDECLARED_SELECTOR = YES;
				GCC_WARN_UNINITIALIZED_AUTOS = YES_AGGRESSIVE;
				GCC_WARN_UNUSED_FUNCTION = YES;
				GCC_WARN_UNUSED_VARIABLE = YES;
				IPHONEOS_DEPLOYMENT_TARGET = 8.1;
				MTL_ENABLE_DEBUG_INFO = YES;
				ONLY_ACTIVE_ARCH = YES;
				SDKROOT = iphoneos;
				TARGETED_DEVICE_FAMILY = "1,2";
			};
			name = Debug;
		};
		54E750FB1A4A916F00B53F5B /* Release */ = {
			isa = XCBuildConfiguration;
			buildSettings = {
				ALWAYS_SEARCH_USER_PATHS = NO;
				CLANG_CXX_LANGUAGE_STANDARD = "gnu++0x";
				CLANG_CXX_LIBRARY = "libc++";
				CLANG_ENABLE_MODULES = YES;
				CLANG_ENABLE_OBJC_ARC = YES;
				CLANG_WARN_BOOL_CONVERSION = YES;
				CLANG_WARN_CONSTANT_CONVERSION = YES;
				CLANG_WARN_DIRECT_OBJC_ISA_USAGE = YES_ERROR;
				CLANG_WARN_EMPTY_BODY = YES;
				CLANG_WARN_ENUM_CONVERSION = YES;
				CLANG_WARN_INT_CONVERSION = YES;
				CLANG_WARN_OBJC_ROOT_CLASS = YES_ERROR;
				CLANG_WARN_UNREACHABLE_CODE = YES;
				CLANG_WARN__DUPLICATE_METHOD_MATCH = YES;
				"CODE_SIGN_IDENTITY[sdk=iphoneos*]" = "iPhone Developer";
				COPY_PHASE_STRIP = YES;
				ENABLE_NS_ASSERTIONS = NO;
				ENABLE_STRICT_OBJC_MSGSEND = YES;
				GCC_C_LANGUAGE_STANDARD = gnu99;
				GCC_WARN_64_TO_32_BIT_CONVERSION = YES;
				GCC_WARN_ABOUT_RETURN_TYPE = YES_ERROR;
				GCC_WARN_UNDECLARED_SELECTOR = YES;
				GCC_WARN_UNINITIALIZED_AUTOS = YES_AGGRESSIVE;
				GCC_WARN_UNUSED_FUNCTION = YES;
				GCC_WARN_UNUSED_VARIABLE = YES;
				IPHONEOS_DEPLOYMENT_TARGET = 8.1;
				MTL_ENABLE_DEBUG_INFO = NO;
				SDKROOT = iphoneos;
				TARGETED_DEVICE_FAMILY = "1,2";
				VALIDATE_PRODUCT = YES;
			};
			name = Release;
		};
		54E750FD1A4A916F00B53F5B /* Debug */ = {
			isa = XCBuildConfiguration;
			buildSettings = {
				ASSETCATALOG_COMPILER_APPICON_NAME = AppIcon;
				INFOPLIST_FILE = FinalCube/Info.plist;
				LD_RUNPATH_SEARCH_PATHS = "$(inherited) @executable_path/Frameworks";
				PRODUCT_NAME = "$(TARGET_NAME)";
			};
			name = Debug;
		};
		54E750FE1A4A916F00B53F5B /* Release */ = {
			isa = XCBuildConfiguration;
			buildSettings = {
				ASSETCATALOG_COMPILER_APPICON_NAME = AppIcon;
				INFOPLIST_FILE = FinalCube/Info.plist;
				LD_RUNPATH_SEARCH_PATHS = "$(inherited) @executable_path/Frameworks";
				PRODUCT_NAME = "$(TARGET_NAME)";
			};
			name = Release;
		};
		54E751001A4A916F00B53F5B /* Debug */ = {
			isa = XCBuildConfiguration;
			buildSettings = {
				BUNDLE_LOADER = "$(TEST_HOST)";
				FRAMEWORK_SEARCH_PATHS = (
					"$(SDKROOT)/Developer/Library/Frameworks",
					"$(inherited)",
				);
				GCC_PREPROCESSOR_DEFINITIONS = (
					"DEBUG=1",
					"$(inherited)",
				);
				INFOPLIST_FILE = FinalCubeTests/Info.plist;
				LD_RUNPATH_SEARCH_PATHS = "$(inherited) @executable_path/Frameworks @loader_path/Frameworks";
				PRODUCT_NAME = "$(TARGET_NAME)";
				TEST_HOST = "$(BUILT_PRODUCTS_DIR)/FinalCube.app/FinalCube";
			};
			name = Debug;
		};
		54E751011A4A916F00B53F5B /* Release */ = {
			isa = XCBuildConfiguration;
			buildSettings = {
				BUNDLE_LOADER = "$(TEST_HOST)";
				FRAMEWORK_SEARCH_PATHS = (
					"$(SDKROOT)/Developer/Library/Frameworks",
					"$(inherited)",
				);
				INFOPLIST_FILE = FinalCubeTests/Info.plist;
				LD_RUNPATH_SEARCH_PATHS = "$(inherited) @executable_path/Frameworks @loader_path/Frameworks";
				PRODUCT_NAME = "$(TARGET_NAME)";
				TEST_HOST = "$(BUILT_PRODUCTS_DIR)/FinalCube.app/FinalCube";
			};
			name = Release;
		};
/* End XCBuildConfiguration section */

/* Begin XCConfigurationList section */
		54E750D41A4A916F00B53F5B /* Build configuration list for PBXProject "FinalCube" */ = {
			isa = XCConfigurationList;
			buildConfigurations = (
				54E750FA1A4A916F00B53F5B /* Debug */,
				54E750FB1A4A916F00B53F5B /* Release */,
			);
			defaultConfigurationIsVisible = 0;
			defaultConfigurationName = Release;
		};
		54E750FC1A4A916F00B53F5B /* Build configuration list for PBXNativeTarget "FinalCube" */ = {
			isa = XCConfigurationList;
			buildConfigurations = (
				54E750FD1A4A916F00B53F5B /* Debug */,
				54E750FE1A4A916F00B53F5B /* Release */,
			);
			defaultConfigurationIsVisible = 0;
		};
		54E750FF1A4A916F00B53F5B /* Build configuration list for PBXNativeTarget "FinalCubeTests" */ = {
			isa = XCConfigurationList;
			buildConfigurations = (
				54E751001A4A916F00B53F5B /* Debug */,
				54E751011A4A916F00B53F5B /* Release */,
			);
			defaultConfigurationIsVisible = 0;
		};
/* End XCConfigurationList section */
	};
	rootObject = 54E750D11A4A916F00B53F5B /* Project object */;
}
